
Microsoft Visual Studio Solution File, Format Version 12.00
# Visual Studio Version 17
VisualStudioVersion = 17.10.34916.146
MinimumVisualStudioVersion = 10.0.40219.1
Project("{FAE04EC0-301F-11D3-BF4B-00C04F79EFBC}") = "st10230365Poe", "st10230365Poe\st10230365Poe.csproj", "{AF708AB3-404C-4396-8FFD-4E0E50709312}"
EndProject
Global
	GlobalSection(SolutionConfigurationPlatforms) = preSolution
		Debug|Any CPU = Debug|Any CPU
		Release|Any CPU = Release|Any CPU
	EndGlobalSection
	GlobalSection(ProjectConfigurationPlatforms) = postSolution
		{AF708AB3-404C-4396-8FFD-4E0E50709312}.Debug|Any CPU.ActiveCfg = Debug|Any CPU
		{AF708AB3-404C-4396-8FFD-4E0E50709312}.Debug|Any CPU.Build.0 = Debug|Any CPU
		{AF708AB3-404C-4396-8FFD-4E0E50709312}.Release|Any CPU.ActiveCfg = Release|Any CPU
		{AF708AB3-404C-4396-8FFD-4E0E50709312}.Release|Any CPU.Build.0 = Release|Any CPU
	EndGlobalSection
	GlobalSection(SolutionProperties) = preSolution
		HideSolutionNode = FALSE
	EndGlobalSection
	GlobalSection(ExtensibilityGlobals) = postSolution
		SolutionGuid = {A073D4CF-73EA-4EE0-B611-B2CA94BBC9C1}
	EndGlobalSection
EndGlobal
